
Microsoft Visual Studio Solution File, Format Version 12.00
# Visual Studio Version 17
VisualStudioVersion = 17.0.32014.148
MinimumVisualStudioVersion = 10.0.40219.1
Project("{FAE04EC0-301F-11D3-BF4B-00C04F79EFBC}") = "DataTypes", "DataTypes.csproj", "{B095F5D2-92AE-4D2E-9769-005248687407}"
EndProject
Global
	GlobalSection(SolutionConfigurationPlatforms) = preSolution
		Debug|Any CPU = Debug|Any CPU
		Release|Any CPU = Release|Any CPU
	EndGlobalSection
	GlobalSection(ProjectConfigurationPlatforms) = postSolution
		{B095F5D2-92AE-4D2E-9769-005248687407}.Debug|Any CPU.ActiveCfg = Debug|Any CPU
		{B095F5D2-92AE-4D2E-9769-005248687407}.Debug|Any CPU.Build.0 = Debug|Any CPU
		{B095F5D2-92AE-4D2E-9769-005248687407}.Release|Any CPU.ActiveCfg = Release|Any CPU
		{B095F5D2-92AE-4D2E-9769-005248687407}.Release|Any CPU.Build.0 = Release|Any CPU
	EndGlobalSection
	GlobalSection(SolutionProperties) = preSolution
		HideSolutionNode = FALSE
	EndGlobalSection
	GlobalSection(ExtensibilityGlobals) = postSolution
		SolutionGuid = {446348F0-1CE2-4B2F-9239-B98BF100DDC6}
	EndGlobalSection
EndGlobal
