
Microsoft Visual Studio Solution File, Format Version 12.00
# Visual Studio Version 17
VisualStudioVersion = 17.0.32014.148
MinimumVisualStudioVersion = 10.0.40219.1
Project("{888888A0-9F3D-457C-B088-3A5042F75D52}") = "Hello-World", "Hello-World.pyproj", "{175A20AB-E83A-4A03-8600-E40266317886}"
EndProject
Global
	GlobalSection(SolutionConfigurationPlatforms) = preSolution
		Debug|Any CPU = Debug|Any CPU
		Release|Any CPU = Release|Any CPU
	EndGlobalSection
	GlobalSection(ProjectConfigurationPlatforms) = postSolution
		{175A20AB-E83A-4A03-8600-E40266317886}.Debug|Any CPU.ActiveCfg = Debug|Any CPU
		{175A20AB-E83A-4A03-8600-E40266317886}.Release|Any CPU.ActiveCfg = Release|Any CPU
	EndGlobalSection
	GlobalSection(SolutionProperties) = preSolution
		HideSolutionNode = FALSE
	EndGlobalSection
	GlobalSection(ExtensibilityGlobals) = postSolution
		SolutionGuid = {A2F6141B-C4EB-45CB-B2B3-6E84EDA23A88}
	EndGlobalSection
EndGlobal
