
Microsoft Visual Studio Solution File, Format Version 12.00
# Visual Studio Version 17
VisualStudioVersion = 17.0.32014.148
MinimumVisualStudioVersion = 10.0.40219.1
Project("{FAE04EC0-301F-11D3-BF4B-00C04F79EFBC}") = "Variables", "Variables.csproj", "{DFCF2293-25DF-4490-AA07-547701DA8AA2}"
EndProject
Global
	GlobalSection(SolutionConfigurationPlatforms) = preSolution
		Debug|Any CPU = Debug|Any CPU
		Release|Any CPU = Release|Any CPU
	EndGlobalSection
	GlobalSection(ProjectConfigurationPlatforms) = postSolution
		{DFCF2293-25DF-4490-AA07-547701DA8AA2}.Debug|Any CPU.ActiveCfg = Debug|Any CPU
		{DFCF2293-25DF-4490-AA07-547701DA8AA2}.Debug|Any CPU.Build.0 = Debug|Any CPU
		{DFCF2293-25DF-4490-AA07-547701DA8AA2}.Release|Any CPU.ActiveCfg = Release|Any CPU
		{DFCF2293-25DF-4490-AA07-547701DA8AA2}.Release|Any CPU.Build.0 = Release|Any CPU
	EndGlobalSection
	GlobalSection(SolutionProperties) = preSolution
		HideSolutionNode = FALSE
	EndGlobalSection
	GlobalSection(ExtensibilityGlobals) = postSolution
		SolutionGuid = {A810FCD4-96F1-4686-99D8-4E665107DABA}
	EndGlobalSection
EndGlobal
