
Microsoft Visual Studio Solution File, Format Version 12.00
# Visual Studio Version 17
VisualStudioVersion = 17.0.32014.148
MinimumVisualStudioVersion = 10.0.40219.1
Project("{FAE04EC0-301F-11D3-BF4B-00C04F79EFBC}") = "Strings", "Strings.csproj", "{B012B359-63FB-4D84-B5C4-90AE20CC80AA}"
EndProject
Global
	GlobalSection(SolutionConfigurationPlatforms) = preSolution
		Debug|Any CPU = Debug|Any CPU
		Release|Any CPU = Release|Any CPU
	EndGlobalSection
	GlobalSection(ProjectConfigurationPlatforms) = postSolution
		{B012B359-63FB-4D84-B5C4-90AE20CC80AA}.Debug|Any CPU.ActiveCfg = Debug|Any CPU
		{B012B359-63FB-4D84-B5C4-90AE20CC80AA}.Debug|Any CPU.Build.0 = Debug|Any CPU
		{B012B359-63FB-4D84-B5C4-90AE20CC80AA}.Release|Any CPU.ActiveCfg = Release|Any CPU
		{B012B359-63FB-4D84-B5C4-90AE20CC80AA}.Release|Any CPU.Build.0 = Release|Any CPU
	EndGlobalSection
	GlobalSection(SolutionProperties) = preSolution
		HideSolutionNode = FALSE
	EndGlobalSection
	GlobalSection(ExtensibilityGlobals) = postSolution
		SolutionGuid = {0E452EC3-29A0-4966-80FC-54A3175E8EED}
	EndGlobalSection
EndGlobal
